
Microsoft Visual Studio Solution File, Format Version 12.00
# Visual Studio Version 17
VisualStudioVersion = 17.11.35431.28
MinimumVisualStudioVersion = 10.0.40219.1
Project("{2150E333-8FDC-42A3-9474-1A3956D46DE8}") = "Services", "Services", "{03B3151C-1A1B-47E4-B0DC-8A780FE32E40}"
EndProject
Project("{2150E333-8FDC-42A3-9474-1A3956D46DE8}") = "Catalog", "Catalog", "{4E803768-C760-4C81-8E1F-4B4AB088DAEA}"
EndProject
Project("{9A19103F-16F7-4668-BE54-9A1E7A4F7556}") = "Catalog.API", "Services\Catalog\Catalog.API\Catalog.API.csproj", "{C19DD1ED-37A9-48DF-9C38-39FEE942F500}"
EndProject
Project("{2150E333-8FDC-42A3-9474-1A3956D46DE8}") = "BuildingBlocks", "BuildingBlocks", "{0CE12307-9086-4CCD-AC7A-81CFEB700770}"
EndProject
Project("{9A19103F-16F7-4668-BE54-9A1E7A4F7556}") = "BuildingBlocks", "BuildingBlocks\BuildingBlocks\BuildingBlocks.csproj", "{9B71AB87-86C3-4DB8-A0EA-49EB843C6855}"
EndProject
Project("{E53339B2-1760-4266-BCC7-CA923CBCF16C}") = "docker-compose", "docker-compose.dcproj", "{ADE9169B-099C-4DDD-AF61-7BB260FF7894}"
EndProject
Project("{2150E333-8FDC-42A3-9474-1A3956D46DE8}") = "Basket", "Basket", "{B58C8DE7-7A3B-48D1-BE24-877838B6A47B}"
EndProject
Project("{FAE04EC0-301F-11D3-BF4B-00C04F79EFBC}") = "Basket.API", "Services\Basket\Basket.API\Basket.API.csproj", "{DEEDA655-118B-4E3D-A58A-0AEBD93FDA6F}"
EndProject
Global
	GlobalSection(SolutionConfigurationPlatforms) = preSolution
		Debug|Any CPU = Debug|Any CPU
		Release|Any CPU = Release|Any CPU
	EndGlobalSection
	GlobalSection(ProjectConfigurationPlatforms) = postSolution
		{C19DD1ED-37A9-48DF-9C38-39FEE942F500}.Debug|Any CPU.ActiveCfg = Debug|Any CPU
		{C19DD1ED-37A9-48DF-9C38-39FEE942F500}.Debug|Any CPU.Build.0 = Debug|Any CPU
		{C19DD1ED-37A9-48DF-9C38-39FEE942F500}.Release|Any CPU.ActiveCfg = Release|Any CPU
		{C19DD1ED-37A9-48DF-9C38-39FEE942F500}.Release|Any CPU.Build.0 = Release|Any CPU
		{9B71AB87-86C3-4DB8-A0EA-49EB843C6855}.Debug|Any CPU.ActiveCfg = Debug|Any CPU
		{9B71AB87-86C3-4DB8-A0EA-49EB843C6855}.Debug|Any CPU.Build.0 = Debug|Any CPU
		{9B71AB87-86C3-4DB8-A0EA-49EB843C6855}.Release|Any CPU.ActiveCfg = Release|Any CPU
		{9B71AB87-86C3-4DB8-A0EA-49EB843C6855}.Release|Any CPU.Build.0 = Release|Any CPU
		{ADE9169B-099C-4DDD-AF61-7BB260FF7894}.Debug|Any CPU.ActiveCfg = Debug|Any CPU
		{ADE9169B-099C-4DDD-AF61-7BB260FF7894}.Debug|Any CPU.Build.0 = Debug|Any CPU
		{ADE9169B-099C-4DDD-AF61-7BB260FF7894}.Release|Any CPU.ActiveCfg = Release|Any CPU
		{ADE9169B-099C-4DDD-AF61-7BB260FF7894}.Release|Any CPU.Build.0 = Release|Any CPU
		{DEEDA655-118B-4E3D-A58A-0AEBD93FDA6F}.Debug|Any CPU.ActiveCfg = Debug|Any CPU
		{DEEDA655-118B-4E3D-A58A-0AEBD93FDA6F}.Debug|Any CPU.Build.0 = Debug|Any CPU
		{DEEDA655-118B-4E3D-A58A-0AEBD93FDA6F}.Release|Any CPU.ActiveCfg = Release|Any CPU
		{DEEDA655-118B-4E3D-A58A-0AEBD93FDA6F}.Release|Any CPU.Build.0 = Release|Any CPU
	EndGlobalSection
	GlobalSection(SolutionProperties) = preSolution
		HideSolutionNode = FALSE
	EndGlobalSection
	GlobalSection(NestedProjects) = preSolution
		{4E803768-C760-4C81-8E1F-4B4AB088DAEA} = {03B3151C-1A1B-47E4-B0DC-8A780FE32E40}
		{C19DD1ED-37A9-48DF-9C38-39FEE942F500} = {4E803768-C760-4C81-8E1F-4B4AB088DAEA}
		{9B71AB87-86C3-4DB8-A0EA-49EB843C6855} = {0CE12307-9086-4CCD-AC7A-81CFEB700770}
		{B58C8DE7-7A3B-48D1-BE24-877838B6A47B} = {03B3151C-1A1B-47E4-B0DC-8A780FE32E40}
		{DEEDA655-118B-4E3D-A58A-0AEBD93FDA6F} = {B58C8DE7-7A3B-48D1-BE24-877838B6A47B}
	EndGlobalSection
	GlobalSection(ExtensibilityGlobals) = postSolution
		SolutionGuid = {4A8ED0D9-C611-4A73-A473-DC2712372E27}
	EndGlobalSection
EndGlobal
